{
  "version": 4,
  "terraform_version": "1.8.3",
  "serial": 12,
  "lineage": "519316e7-ad97-8e6d-7770-f06e49b00a7b",
  "outputs": {
    "fileName": {
      "value": "./mumu.OQv9Hc.txt",
      "type": "string"
    }
  },
  "resources": [
    {
      "module": "module.local-file",
      "mode": "managed",
      "type": "local_file",
      "name": "file",
      "provider": "provider[\"registry.terraform.io/hashicorp/local\"]",
      "instances": [
        {
          "schema_version": 0,
          "attributes": {
            "content": "Hi guys, this is terraform module\nBest wishes!",
            "content_base64": null,
            "content_base64sha256": "iIk7CsXxTsNfHd3XIZE+PCnUo/qDV+RwAeZr634tAww=",
            "content_base64sha512": "dzAkX3fH50KNoNUJGFrBPOASCCD2enZr4kTbE7Kh8TyD22J+uig5sUlQfisnnpfv/RFxFocshE71b7SQ8Vwj6w==",
            "content_md5": "f54b1b708f31323aed7597fad4f60d2b",
            "content_sha1": "c6719e0ca9b3d0dfd918d12496f6ae12f7883633",
            "content_sha256": "88893b0ac5f14ec35f1dddd721913e3c29d4a3fa8357e47001e66beb7e2d030c",
            "content_sha512": "7730245f77c7e7428da0d509185ac13ce0120820f67a766be244db13b2a1f13c83db627eba2839b149507e2b279e97effd117116872c844ef56fb490f15c23eb",
            "directory_permission": "0777",
            "file_permission": "0777",
            "filename": "./mumu.OQv9Hc.txt",
            "id": "c6719e0ca9b3d0dfd918d12496f6ae12f7883633",
            "sensitive_content": null,
            "source": null
          },
          "sensitive_attributes": [
            [
              {
                "type": "get_attr",
                "value": "sensitive_content"
              }
            ]
          ],
          "dependencies": [
            "module.local-file.random_string.random"
          ]
        }
      ]
    },
    {
      "module": "module.local-file",
      "mode": "managed",
      "type": "random_string",
      "name": "random",
      "provider": "provider[\"registry.terraform.io/hashicorp/random\"]",
      "instances": [
        {
          "schema_version": 2,
          "attributes": {
            "id": "OQv9Hc",
            "keepers": null,
            "length": 6,
            "lower": true,
            "min_lower": 0,
            "min_numeric": 0,
            "min_special": 0,
            "min_upper": 0,
            "number": true,
            "numeric": true,
            "override_special": null,
            "result": "OQv9Hc",
            "special": false,
            "upper": true
          },
          "sensitive_attributes": []
        }
      ]
    }
  ],
  "check_results": null
}
