{
  "version": 4,
  "terraform_version": "1.8.3",
  "serial": 9,
  "lineage": "519316e7-ad97-8e6d-7770-f06e49b00a7b",
  "outputs": {
    "fileName": {
      "value": "./mumu.OQv9Hc.txt",
      "type": "string"
    }
  },
  "resources": [
    {
      "module": "module.local-file",
      "mode": "managed",
      "type": "local_file",
      "name": "file",
      "provider": "provider[\"registry.terraform.io/hashicorp/local\"]",
      "instances": [
        {
          "schema_version": 0,
          "attributes": {
            "content": "Hi guys, this is www.pkslow.com\nBest wishes!",
            "content_base64": null,
            "content_base64sha256": "UI2bddfMdUwtTLVRPTRBXz82bJO9cN4OcOTkZaZF10s=",
            "content_base64sha512": "DXsVVAdzbu5W8MCPNlGVlJK5WXO+FyizIOUo+DNUQuD7znbihJba56j9orJUl1DKMRhipTWYGTSZ7Mcvn9vprA==",
            "content_md5": "88f0df99ab0d6569ba1e9fe05795022e",
            "content_sha1": "acb60166acad616fceb96f6e168da5dbf9c16d0f",
            "content_sha256": "508d9b75d7cc754c2d4cb5513d34415f3f366c93bd70de0e70e4e465a645d74b",
            "content_sha512": "0d7b155407736eee56f0c08f3651959492b95973be1728b320e528f8335442e0fbce76e28496dae7a8fda2b2549750ca311862a53598193499ecc72f9fdbe9ac",
            "directory_permission": "0777",
            "file_permission": "0777",
            "filename": "./mumu.OQv9Hc.txt",
            "id": "acb60166acad616fceb96f6e168da5dbf9c16d0f",
            "sensitive_content": null,
            "source": null
          },
          "sensitive_attributes": [
            [
              {
                "type": "get_attr",
                "value": "sensitive_content"
              }
            ]
          ],
          "dependencies": [
            "module.local-file.random_string.random"
          ]
        }
      ]
    },
    {
      "module": "module.local-file",
      "mode": "managed",
      "type": "random_string",
      "name": "random",
      "provider": "provider[\"registry.terraform.io/hashicorp/random\"]",
      "instances": [
        {
          "schema_version": 2,
          "attributes": {
            "id": "OQv9Hc",
            "keepers": null,
            "length": 6,
            "lower": true,
            "min_lower": 0,
            "min_numeric": 0,
            "min_special": 0,
            "min_upper": 0,
            "number": true,
            "numeric": true,
            "override_special": null,
            "result": "OQv9Hc",
            "special": false,
            "upper": true
          },
          "sensitive_attributes": []
        }
      ]
    }
  ],
  "check_results": null
}
