{
  "version": 4,
  "terraform_version": "1.8.3",
  "serial": 15,
  "lineage": "b7a81de8-8171-9460-a341-7f4607a9b0de",
  "outputs": {
    "does_not_exist": {
      "value": false,
      "type": "bool"
    },
    "exists": {
      "value": true,
      "type": "bool"
    },
    "random_string_value": {
      "value": "@?EJ\u003ew99QQou",
      "type": "string"
    }
  },
  "resources": [
    {
      "mode": "managed",
      "type": "local_file",
      "name": "terraform-introduction",
      "provider": "provider[\"registry.terraform.io/hashicorp/local\"]",
      "instances": [
        {
          "schema_version": 0,
          "attributes": {
            "content": "Hi guys, 这是我们的第一个 terraform demo，创建一个文件",
            "content_base64": null,
            "content_base64sha256": "V6kjjQSLdymXBccm5BUYtTPfj7uJJ+N5dXDxIDMP0lc=",
            "content_base64sha512": "5ffFoNnhp9ieG+ZF3W3WvpZwaAd+tGcygSfjPn37XFLYfjH10Nt/DtCpzIVfgZ6ZKi4/G2dvbk/zU1J2O/yJrw==",
            "content_md5": "f1cc3257cf6aa9c4fc4677f01c3516b3",
            "content_sha1": "7ee8d97bb47cacec0e544b27bad595ea08496a0b",
            "content_sha256": "57a9238d048b77299705c726e41518b533df8fbb8927e3797570f120330fd257",
            "content_sha512": "e5f7c5a0d9e1a7d89e1be645dd6dd6be967068077eb467328127e33e7dfb5c52d87e31f5d0db7f0ed0a9cc855f819e992a2e3f1b676f6e4ff35352763bfc89af",
            "directory_permission": "0777",
            "file_permission": "0777",
            "filename": "./terraform-introduction.txt",
            "id": "7ee8d97bb47cacec0e544b27bad595ea08496a0b",
            "sensitive_content": null,
            "source": null
          },
          "sensitive_attributes": [
            [
              {
                "type": "get_attr",
                "value": "sensitive_content"
              }
            ]
          ]
        }
      ]
    },
    {
      "mode": "managed",
      "type": "random_string",
      "name": "my_random_string",
      "provider": "provider[\"registry.terraform.io/hashicorp/random\"]",
      "instances": [
        {
          "schema_version": 1,
          "attributes": {
            "id": "@?EJ\u003ew99QQou",
            "keepers": null,
            "length": 12,
            "lower": true,
            "min_lower": 0,
            "min_numeric": 0,
            "min_special": 0,
            "min_upper": 0,
            "number": true,
            "override_special": null,
            "result": "@?EJ\u003ew99QQou",
            "special": true,
            "upper": true
          },
          "sensitive_attributes": [],
          "private": "eyJzY2hlbWFfdmVyc2lvbiI6IjEifQ=="
        }
      ]
    }
  ],
  "check_results": null
}
