{
  "version": 4,
  "terraform_version": "1.8.3",
  "serial": 5,
  "lineage": "d53f0877-42af-b919-16f7-d1b31ffa8ed6",
  "outputs": {},
  "resources": [
    {
      "mode": "managed",
      "type": "local_file",
      "name": "terraform-introduction",
      "provider": "provider[\"registry.terraform.io/hashicorp/local\"]",
      "instances": [
        {
          "schema_version": 0,
          "attributes": {
            "content": "this is a terraform state demo",
            "content_base64": null,
            "content_base64sha256": "O2q0dD5a+X19Y/C9hK/0c3f+VafJXaHkYant2tsbFiY=",
            "content_base64sha512": "WaH+xU25h2oUXN7Alc75ncyN9VJ9WefGmxq1M9YTrrNlu0Nu9sodhrg1JCNd/zq4nn+hi8Ynng2Ly5NTvXgNbg==",
            "content_md5": "27bcfdde3b7022a12d6d3e3a462c67e1",
            "content_sha1": "d371ffc5ecbf06da08edbb9b342b37a4b21a1b9b",
            "content_sha256": "3b6ab4743e5af97d7d63f0bd84aff47377fe55a7c95da1e461a9eddadb1b1626",
            "content_sha512": "59a1fec54db9876a145cdec095cef99dcc8df5527d59e7c69b1ab533d613aeb365bb436ef6ca1d86b83524235dff3ab89e7fa18bc6279e0d8bcb9353bd780d6e",
            "directory_permission": "0777",
            "file_permission": "0777",
            "filename": "./terraform-guides-by-slash.txt",
            "id": "d371ffc5ecbf06da08edbb9b342b37a4b21a1b9b",
            "sensitive_content": null,
            "source": null
          },
          "sensitive_attributes": [
            [
              {
                "type": "get_attr",
                "value": "sensitive_content"
              }
            ]
          ]
        }
      ]
    }
  ],
  "check_results": null
}
